
Microsoft Visual Studio Solution File, Format Version 10.00
# Visual Studio 2008
Project("{FAE04EC0-301F-11D3-BF4B-00C04F79EFBC}") = "csGui", "csGui.csproj", "{957ACEA6-4940-4446-8CB5-3814041953DD}"
EndProject
Global
	GlobalSection(SubversionScc) = preSolution
		Svn-Managed = True
		Manager = AnkhSVN - Subversion Support for Visual Studio
	EndGlobalSection
	GlobalSection(SolutionConfigurationPlatforms) = preSolution
		Debug|Any CPU = Debug|Any CPU
		Release|Any CPU = Release|Any CPU
	EndGlobalSection
	GlobalSection(ProjectConfigurationPlatforms) = postSolution
		{957ACEA6-4940-4446-8CB5-3814041953DD}.Debug|Any CPU.ActiveCfg = Debug|Any CPU
		{957ACEA6-4940-4446-8CB5-3814041953DD}.Debug|Any CPU.Build.0 = Debug|Any CPU
		{957ACEA6-4940-4446-8CB5-3814041953DD}.Release|Any CPU.ActiveCfg = Release|Any CPU
		{957ACEA6-4940-4446-8CB5-3814041953DD}.Release|Any CPU.Build.0 = Release|Any CPU
	EndGlobalSection
	GlobalSection(SolutionProperties) = preSolution
		HideSolutionNode = FALSE
	EndGlobalSection
EndGlobal
